Microsoft Visual Studio Solution File, Format Version 8.00
Project("{FAE04EC0-301F-11D3-BF4B-00C04F79EFBC}") = "XPManagerClient", "XPManagerClient.csproj", "{B293C212-4998-409E-B247-C9DFA28D7304}"
	ProjectSection(ProjectDependencies) = postProject
	EndProjectSection
EndProject
Global
	GlobalSection(SolutionConfiguration) = preSolution
		Debug = Debug
		Release = Release
	EndGlobalSection
	GlobalSection(ProjectConfiguration) = postSolution
		{B293C212-4998-409E-B247-C9DFA28D7304}.Debug.ActiveCfg = Debug|.NET
		{B293C212-4998-409E-B247-C9DFA28D7304}.Debug.Build.0 = Debug|.NET
		{B293C212-4998-409E-B247-C9DFA28D7304}.Release.ActiveCfg = Release|.NET
		{B293C212-4998-409E-B247-C9DFA28D7304}.Release.Build.0 = Release|.NET
	EndGlobalSection
	GlobalSection(ExtensibilityGlobals) = postSolution
	EndGlobalSection
	GlobalSection(ExtensibilityAddIns) = postSolution
	EndGlobalSection
EndGlobal
