Microsoft Visual Studio Solution File, Format Version 9.00
# Visual Studio 2005
Project("{FAE04EC0-301F-11D3-BF4B-00C04F79EFBC}") = "Alchemi.Tasks", "Alchemi.Tasks\Alchemi.Tasks.csproj", "{19FF3122-B6C9-451A-BC44-0B3C7C17C75D}"
EndProject
Global
	GlobalSection(SolutionConfigurationPlatforms) = preSolution
		Debug|Any CPU = Debug|Any CPU
		Release|Any CPU = Release|Any CPU
	EndGlobalSection
	GlobalSection(ProjectConfigurationPlatforms) = postSolution
		{19FF3122-B6C9-451A-BC44-0B3C7C17C75D}.Debug|Any CPU.ActiveCfg = Debug|Any CPU
		{19FF3122-B6C9-451A-BC44-0B3C7C17C75D}.Debug|Any CPU.Build.0 = Debug|Any CPU
		{19FF3122-B6C9-451A-BC44-0B3C7C17C75D}.Release|Any CPU.ActiveCfg = Release|Any CPU
		{19FF3122-B6C9-451A-BC44-0B3C7C17C75D}.Release|Any CPU.Build.0 = Release|Any CPU
		{72E5C3E4-D1D6-4F1F-8021-ECE919381E15}.Debug|Any CPU.ActiveCfg = Debug
		{72E5C3E4-D1D6-4F1F-8021-ECE919381E15}.Debug|Any CPU.Build.0 = Debug
		{72E5C3E4-D1D6-4F1F-8021-ECE919381E15}.Release|Any CPU.ActiveCfg = Release
		{72E5C3E4-D1D6-4F1F-8021-ECE919381E15}.Release|Any CPU.Build.0 = Release
	EndGlobalSection
	GlobalSection(SolutionProperties) = preSolution
		HideSolutionNode = FALSE
	EndGlobalSection
EndGlobal
