Microsoft Visual Studio Solution File, Format Version 9.00
# Visual Studio 2005
Project("{FAE04EC0-301F-11D3-BF4B-00C04F79EFBC}") = "Mandelbrot", "Mandelbrot\Mandelbrot.csproj", "{D3031C51-D06E-4AC1-B308-BC0E4DDC04AA}"
EndProject
Project("{FAE04EC0-301F-11D3-BF4B-00C04F79EFBC}") = "GridReverser", "JobAPI\GridReverser\GridReverser.csproj", "{3D1035BB-67C2-4B6A-B7DB-0D6FFA18C048}"
EndProject
Project("{FAE04EC0-301F-11D3-BF4B-00C04F79EFBC}") = "Reverse", "JobAPI\Reverse\Reverse.csproj", "{03F4A84D-AC81-43B0-85CB-63A9CCB9AEDD}"
EndProject
Project("{FAE04EC0-301F-11D3-BF4B-00C04F79EFBC}") = "PiCalculator", "PiCalculator\PiCalculator\PiCalculator.csproj", "{15A0F48C-183C-4170-AC37-8E3D6D329CEA}"
EndProject
Project("{FAE04EC0-301F-11D3-BF4B-00C04F79EFBC}") = "PiCalculatorExec", "PiCalculator\PiCalculatorExec\PiCalculatorExec.csproj", "{184FA2DB-F0C7-4E55-9331-E25DAC1E17D8}"
EndProject
Project("{FAE04EC0-301F-11D3-BF4B-00C04F79EFBC}") = "Tutorial", "Tutorial\Tutorial.csproj", "{11713720-F90D-4AD7-88FC-A328C1BF62F3}"
EndProject
Project("{FAE04EC0-301F-11D3-BF4B-00C04F79EFBC}") = "Tutorial_OTF", "Tutorial_OTF\Tutorial_OTF.csproj", "{EE11EF51-B5EF-4A7B-B586-BE7916E22142}"
EndProject
Project("{FAE04EC0-301F-11D3-BF4B-00C04F79EFBC}") = "PrimeNumberGenerator", "PrimeNumberGenerator\PrimeNumberGenerator.csproj", "{1A92EB8A-4C50-4389-93F1-772EE4A077AF}"
EndProject
Project("{FAE04EC0-301F-11D3-BF4B-00C04F79EFBC}") = "AlchemiRenderer", "AlchemiRenderer\AlchemiRendererExec\AlchemiRenderer.csproj", "{2C4A35EB-8D76-4E75-AA65-822C54FFDB0B}"
EndProject
Project("{FAE04EC0-301F-11D3-BF4B-00C04F79EFBC}") = "RenderLibrary", "AlchemiRenderer\RendererLibrary\RenderLibrary.csproj", "{9C912A86-D566-49D9-A940-14672768B4A8}"
EndProject
Project("{FAE04EC0-301F-11D3-BF4B-00C04F79EFBC}") = "XPManagerClient", "XPManagerClient\XPManagerClient.csproj", "{B293C212-4998-409E-B247-C9DFA28D7304}"
EndProject
Project("{FAE04EC0-301F-11D3-BF4B-00C04F79EFBC}") = "MandelThread", "Mandelbrot\MandelThread\MandelThread.csproj", "{2B3C2B8F-57E2-4508-B839-9C6B7E2FDF8A}"
EndProject
Project("{FAE04EC0-301F-11D3-BF4B-00C04F79EFBC}") = "Core", "..\src\Alchemi.Core\Core.csproj", "{234F2AB1-B1F6-4FAD-9DAD-E18AF5847880}"
EndProject
Global
	GlobalSection(SolutionConfigurationPlatforms) = preSolution
		Debug|Any CPU = Debug|Any CPU
		Release|Any CPU = Release|Any CPU
		ServiceRelease|Any CPU = ServiceRelease|Any CPU
	EndGlobalSection
	GlobalSection(ProjectConfigurationPlatforms) = postSolution
		{D3031C51-D06E-4AC1-B308-BC0E4DDC04AA}.Debug|Any CPU.ActiveCfg = Debug|Any CPU
		{D3031C51-D06E-4AC1-B308-BC0E4DDC04AA}.Debug|Any CPU.Build.0 = Debug|Any CPU
		{D3031C51-D06E-4AC1-B308-BC0E4DDC04AA}.Release|Any CPU.ActiveCfg = Release|Any CPU
		{D3031C51-D06E-4AC1-B308-BC0E4DDC04AA}.Release|Any CPU.Build.0 = Release|Any CPU
		{D3031C51-D06E-4AC1-B308-BC0E4DDC04AA}.ServiceRelease|Any CPU.ActiveCfg = Release|Any CPU
		{D3031C51-D06E-4AC1-B308-BC0E4DDC04AA}.ServiceRelease|Any CPU.Build.0 = Release|Any CPU
		{3D1035BB-67C2-4B6A-B7DB-0D6FFA18C048}.Debug|Any CPU.ActiveCfg = Debug|Any CPU
		{3D1035BB-67C2-4B6A-B7DB-0D6FFA18C048}.Debug|Any CPU.Build.0 = Debug|Any CPU
		{3D1035BB-67C2-4B6A-B7DB-0D6FFA18C048}.Release|Any CPU.ActiveCfg = Release|Any CPU
		{3D1035BB-67C2-4B6A-B7DB-0D6FFA18C048}.Release|Any CPU.Build.0 = Release|Any CPU
		{3D1035BB-67C2-4B6A-B7DB-0D6FFA18C048}.ServiceRelease|Any CPU.ActiveCfg = Release|Any CPU
		{3D1035BB-67C2-4B6A-B7DB-0D6FFA18C048}.ServiceRelease|Any CPU.Build.0 = Release|Any CPU
		{03F4A84D-AC81-43B0-85CB-63A9CCB9AEDD}.Debug|Any CPU.ActiveCfg = Debug|Any CPU
		{03F4A84D-AC81-43B0-85CB-63A9CCB9AEDD}.Debug|Any CPU.Build.0 = Debug|Any CPU
		{03F4A84D-AC81-43B0-85CB-63A9CCB9AEDD}.Release|Any CPU.ActiveCfg = Release|Any CPU
		{03F4A84D-AC81-43B0-85CB-63A9CCB9AEDD}.Release|Any CPU.Build.0 = Release|Any CPU
		{03F4A84D-AC81-43B0-85CB-63A9CCB9AEDD}.ServiceRelease|Any CPU.ActiveCfg = Release|Any CPU
		{03F4A84D-AC81-43B0-85CB-63A9CCB9AEDD}.ServiceRelease|Any CPU.Build.0 = Release|Any CPU
		{15A0F48C-183C-4170-AC37-8E3D6D329CEA}.Debug|Any CPU.ActiveCfg = Debug|Any CPU
		{15A0F48C-183C-4170-AC37-8E3D6D329CEA}.Debug|Any CPU.Build.0 = Debug|Any CPU
		{15A0F48C-183C-4170-AC37-8E3D6D329CEA}.Release|Any CPU.ActiveCfg = Release|Any CPU
		{15A0F48C-183C-4170-AC37-8E3D6D329CEA}.Release|Any CPU.Build.0 = Release|Any CPU
		{15A0F48C-183C-4170-AC37-8E3D6D329CEA}.ServiceRelease|Any CPU.ActiveCfg = Release|Any CPU
		{15A0F48C-183C-4170-AC37-8E3D6D329CEA}.ServiceRelease|Any CPU.Build.0 = Release|Any CPU
		{184FA2DB-F0C7-4E55-9331-E25DAC1E17D8}.Debug|Any CPU.ActiveCfg = Debug|Any CPU
		{184FA2DB-F0C7-4E55-9331-E25DAC1E17D8}.Debug|Any CPU.Build.0 = Debug|Any CPU
		{184FA2DB-F0C7-4E55-9331-E25DAC1E17D8}.Release|Any CPU.ActiveCfg = Release|Any CPU
		{184FA2DB-F0C7-4E55-9331-E25DAC1E17D8}.Release|Any CPU.Build.0 = Release|Any CPU
		{184FA2DB-F0C7-4E55-9331-E25DAC1E17D8}.ServiceRelease|Any CPU.ActiveCfg = Release|Any CPU
		{184FA2DB-F0C7-4E55-9331-E25DAC1E17D8}.ServiceRelease|Any CPU.Build.0 = Release|Any CPU
		{11713720-F90D-4AD7-88FC-A328C1BF62F3}.Debug|Any CPU.ActiveCfg = Debug|Any CPU
		{11713720-F90D-4AD7-88FC-A328C1BF62F3}.Debug|Any CPU.Build.0 = Debug|Any CPU
		{11713720-F90D-4AD7-88FC-A328C1BF62F3}.Release|Any CPU.ActiveCfg = Release|Any CPU
		{11713720-F90D-4AD7-88FC-A328C1BF62F3}.Release|Any CPU.Build.0 = Release|Any CPU
		{11713720-F90D-4AD7-88FC-A328C1BF62F3}.ServiceRelease|Any CPU.ActiveCfg = Release|Any CPU
		{11713720-F90D-4AD7-88FC-A328C1BF62F3}.ServiceRelease|Any CPU.Build.0 = Release|Any CPU
		{EE11EF51-B5EF-4A7B-B586-BE7916E22142}.Debug|Any CPU.ActiveCfg = Debug|Any CPU
		{EE11EF51-B5EF-4A7B-B586-BE7916E22142}.Debug|Any CPU.Build.0 = Debug|Any CPU
		{EE11EF51-B5EF-4A7B-B586-BE7916E22142}.Release|Any CPU.ActiveCfg = Release|Any CPU
		{EE11EF51-B5EF-4A7B-B586-BE7916E22142}.Release|Any CPU.Build.0 = Release|Any CPU
		{EE11EF51-B5EF-4A7B-B586-BE7916E22142}.ServiceRelease|Any CPU.ActiveCfg = Release|Any CPU
		{1A92EB8A-4C50-4389-93F1-772EE4A077AF}.Debug|Any CPU.ActiveCfg = Debug|Any CPU
		{1A92EB8A-4C50-4389-93F1-772EE4A077AF}.Debug|Any CPU.Build.0 = Debug|Any CPU
		{1A92EB8A-4C50-4389-93F1-772EE4A077AF}.Release|Any CPU.ActiveCfg = Release|Any CPU
		{1A92EB8A-4C50-4389-93F1-772EE4A077AF}.Release|Any CPU.Build.0 = Release|Any CPU
		{1A92EB8A-4C50-4389-93F1-772EE4A077AF}.ServiceRelease|Any CPU.ActiveCfg = Release|Any CPU
		{1A92EB8A-4C50-4389-93F1-772EE4A077AF}.ServiceRelease|Any CPU.Build.0 = Release|Any CPU
		{2C4A35EB-8D76-4E75-AA65-822C54FFDB0B}.Debug|Any CPU.ActiveCfg = Debug|Any CPU
		{2C4A35EB-8D76-4E75-AA65-822C54FFDB0B}.Debug|Any CPU.Build.0 = Debug|Any CPU
		{2C4A35EB-8D76-4E75-AA65-822C54FFDB0B}.Release|Any CPU.ActiveCfg = Release|Any CPU
		{2C4A35EB-8D76-4E75-AA65-822C54FFDB0B}.Release|Any CPU.Build.0 = Release|Any CPU
		{2C4A35EB-8D76-4E75-AA65-822C54FFDB0B}.ServiceRelease|Any CPU.ActiveCfg = Release|Any CPU
		{2C4A35EB-8D76-4E75-AA65-822C54FFDB0B}.ServiceRelease|Any CPU.Build.0 = Release|Any CPU
		{9C912A86-D566-49D9-A940-14672768B4A8}.Debug|Any CPU.ActiveCfg = Debug|Any CPU
		{9C912A86-D566-49D9-A940-14672768B4A8}.Debug|Any CPU.Build.0 = Debug|Any CPU
		{9C912A86-D566-49D9-A940-14672768B4A8}.Release|Any CPU.ActiveCfg = Release|Any CPU
		{9C912A86-D566-49D9-A940-14672768B4A8}.Release|Any CPU.Build.0 = Release|Any CPU
		{9C912A86-D566-49D9-A940-14672768B4A8}.ServiceRelease|Any CPU.ActiveCfg = Release|Any CPU
		{9C912A86-D566-49D9-A940-14672768B4A8}.ServiceRelease|Any CPU.Build.0 = Release|Any CPU
		{B293C212-4998-409E-B247-C9DFA28D7304}.Debug|Any CPU.ActiveCfg = Debug|Any CPU
		{B293C212-4998-409E-B247-C9DFA28D7304}.Debug|Any CPU.Build.0 = Debug|Any CPU
		{B293C212-4998-409E-B247-C9DFA28D7304}.Release|Any CPU.ActiveCfg = Release|Any CPU
		{B293C212-4998-409E-B247-C9DFA28D7304}.Release|Any CPU.Build.0 = Release|Any CPU
		{B293C212-4998-409E-B247-C9DFA28D7304}.ServiceRelease|Any CPU.ActiveCfg = Release|Any CPU
		{B293C212-4998-409E-B247-C9DFA28D7304}.ServiceRelease|Any CPU.Build.0 = Release|Any CPU
		{2B3C2B8F-57E2-4508-B839-9C6B7E2FDF8A}.Debug|Any CPU.ActiveCfg = Debug|Any CPU
		{2B3C2B8F-57E2-4508-B839-9C6B7E2FDF8A}.Debug|Any CPU.Build.0 = Debug|Any CPU
		{2B3C2B8F-57E2-4508-B839-9C6B7E2FDF8A}.Release|Any CPU.ActiveCfg = Release|Any CPU
		{2B3C2B8F-57E2-4508-B839-9C6B7E2FDF8A}.Release|Any CPU.Build.0 = Release|Any CPU
		{2B3C2B8F-57E2-4508-B839-9C6B7E2FDF8A}.ServiceRelease|Any CPU.ActiveCfg = Release|Any CPU
		{2B3C2B8F-57E2-4508-B839-9C6B7E2FDF8A}.ServiceRelease|Any CPU.Build.0 = Release|Any CPU
		{234F2AB1-B1F6-4FAD-9DAD-E18AF5847880}.Debug|Any CPU.ActiveCfg = Debug|Any CPU
		{234F2AB1-B1F6-4FAD-9DAD-E18AF5847880}.Debug|Any CPU.Build.0 = Debug|Any CPU
		{234F2AB1-B1F6-4FAD-9DAD-E18AF5847880}.Release|Any CPU.ActiveCfg = Release|Any CPU
		{234F2AB1-B1F6-4FAD-9DAD-E18AF5847880}.Release|Any CPU.Build.0 = Release|Any CPU
		{234F2AB1-B1F6-4FAD-9DAD-E18AF5847880}.ServiceRelease|Any CPU.ActiveCfg = ServiceRelease|Any CPU
		{234F2AB1-B1F6-4FAD-9DAD-E18AF5847880}.ServiceRelease|Any CPU.Build.0 = ServiceRelease|Any CPU
	EndGlobalSection
	GlobalSection(SolutionProperties) = preSolution
		HideSolutionNode = FALSE
	EndGlobalSection
EndGlobal
